
Microsoft Visual Studio Solution File, Format Version 12.00
# Visual Studio Version 17
VisualStudioVersion = 17.10.35013.160
MinimumVisualStudioVersion = 10.0.40219.1
Project("{9A19103F-16F7-4668-BE54-9A1E7A4F7556}") = "Domain", "Domain\Domain.csproj", "{EBD76D77-596B-4C23-80B6-E776FB234D26}"
EndProject
Project("{FAE04EC0-301F-11D3-BF4B-00C04F79EFBC}") = "Peer", "Peer\Peer.csproj", "{824CA1F7-1C1A-41E7-AB0B-683C46B29AE3}"
EndProject
Global
	GlobalSection(SolutionConfigurationPlatforms) = preSolution
		Debug|Any CPU = Debug|Any CPU
		Release|Any CPU = Release|Any CPU
	EndGlobalSection
	GlobalSection(ProjectConfigurationPlatforms) = postSolution
		{EBD76D77-596B-4C23-80B6-E776FB234D26}.Debug|Any CPU.ActiveCfg = Debug|Any CPU
		{EBD76D77-596B-4C23-80B6-E776FB234D26}.Debug|Any CPU.Build.0 = Debug|Any CPU
		{EBD76D77-596B-4C23-80B6-E776FB234D26}.Release|Any CPU.ActiveCfg = Release|Any CPU
		{EBD76D77-596B-4C23-80B6-E776FB234D26}.Release|Any CPU.Build.0 = Release|Any CPU
		{824CA1F7-1C1A-41E7-AB0B-683C46B29AE3}.Debug|Any CPU.ActiveCfg = Debug|Any CPU
		{824CA1F7-1C1A-41E7-AB0B-683C46B29AE3}.Debug|Any CPU.Build.0 = Debug|Any CPU
		{824CA1F7-1C1A-41E7-AB0B-683C46B29AE3}.Release|Any CPU.ActiveCfg = Release|Any CPU
		{824CA1F7-1C1A-41E7-AB0B-683C46B29AE3}.Release|Any CPU.Build.0 = Release|Any CPU
	EndGlobalSection
	GlobalSection(SolutionProperties) = preSolution
		HideSolutionNode = FALSE
	EndGlobalSection
	GlobalSection(ExtensibilityGlobals) = postSolution
		SolutionGuid = {16DD3267-20B7-44B2-A962-9989C1085339}
	EndGlobalSection
EndGlobal
